# THIS IS AN AUTOGENERATED FILE. DO NOT EDIT THIS FILE DIRECTLY.
# yarn lockfile v1


goss_concat@^1.0.3:
  version "1.0.3"
  resolved "https://registry.yarnpkg.com/goss_concat/-/goss_concat-1.0.3.tgz#a454c82f25d94b9b40c3cb49d642abe3696bd08f"
  integrity sha512-2A9uf0zu6mqxq+soVrpiReJp4K+vGUmkjgWW9GIIj9WfW0vUnviD0qfGKRw6JqiMgCfYWhTT0940N6QrfpkYug==
